
Microsoft Visual Studio Solution File, Format Version 12.00
# Visual Studio Version 16
VisualStudioVersion = 16.0.29102.190
MinimumVisualStudioVersion = 10.0.40219.1
Project("{FAE04EC0-301F-11D3-BF4B-00C04F79EFBC}") = "Candlekeep.Utils.Testability", "Candlekeep.Utils.Testability\Candlekeep.Utils.Testability.csproj", "{0D9CB9D8-3596-448F-837A-D75699F4025A}"
EndProject
Global
	GlobalSection(SolutionConfigurationPlatforms) = preSolution
		Debug|Any CPU = Debug|Any CPU
		Release|Any CPU = Release|Any CPU
	EndGlobalSection
	GlobalSection(ProjectConfigurationPlatforms) = postSolution
		{0D9CB9D8-3596-448F-837A-D75699F4025A}.Debug|Any CPU.ActiveCfg = Debug|Any CPU
		{0D9CB9D8-3596-448F-837A-D75699F4025A}.Debug|Any CPU.Build.0 = Debug|Any CPU
		{0D9CB9D8-3596-448F-837A-D75699F4025A}.Release|Any CPU.ActiveCfg = Release|Any CPU
		{0D9CB9D8-3596-448F-837A-D75699F4025A}.Release|Any CPU.Build.0 = Release|Any CPU
	EndGlobalSection
	GlobalSection(SolutionProperties) = preSolution
		HideSolutionNode = FALSE
	EndGlobalSection
	GlobalSection(ExtensibilityGlobals) = postSolution
		SolutionGuid = {134325C5-7C7D-4D2A-B39F-56F5669E34DB}
	EndGlobalSection
EndGlobal
